// !$*UTF8*$!
{
	archiveVersion = 1;
	classes = {
	};
	objectVersion = 46;
	objects = {

/* Begin PBXBuildFile section */
		11280D1B1DF3446800ADE782 /* AssignmentModel.swift in Sources */ = {isa = PBXBuildFile; fileRef = 11280D1A1DF3446800ADE782 /* AssignmentModel.swift */; };
		115C2B551DF400060078FE23 /* AssignmentDetailViewController.swift in Sources */ = {isa = PBXBuildFile; fileRef = 115C2B541DF400060078FE23 /* AssignmentDetailViewController.swift */; };
		1179B22B1DFE9E5E0026046C /* CourseCell.swift in Sources */ = {isa = PBXBuildFile; fileRef = 1179B22A1DFE9E5E0026046C /* CourseCell.swift */; };
		1184EC9D1DE1A0C100979440 /* AssignmentCell.swift in Sources */ = {isa = PBXBuildFile; fileRef = 1184EC9C1DE1A0C100979440 /* AssignmentCell.swift */; };
		118D27511DEC1236009BFA17 /* CourseModel.swift in Sources */ = {isa = PBXBuildFile; fileRef = 118D27501DEC1236009BFA17 /* CourseModel.swift */; };
		119C3DDF1DE2D3CD003C644C /* AddAssignmentViewController.swift in Sources */ = {isa = PBXBuildFile; fileRef = 119C3DDE1DE2D3CD003C644C /* AddAssignmentViewController.swift */; };
		11C4FE0C1DF9002200ACC7FD /* ChooseCourseViewController.swift in Sources */ = {isa = PBXBuildFile; fileRef = 11C4FE0B1DF9002200ACC7FD /* ChooseCourseViewController.swift */; };
		11C4FE0E1DF92F2700ACC7FD /* ChooseTimeViewController.swift in Sources */ = {isa = PBXBuildFile; fileRef = 11C4FE0D1DF92F2700ACC7FD /* ChooseTimeViewController.swift */; };
		11E8970E1DE0189C00226CF1 /* AppDelegate.swift in Sources */ = {isa = PBXBuildFile; fileRef = 11E8970D1DE0189C00226CF1 /* AppDelegate.swift */; };
		11E897121DE0189C00226CF1 /* AssignmentTableController.swift in Sources */ = {isa = PBXBuildFile; fileRef = 11E897111DE0189C00226CF1 /* AssignmentTableController.swift */; };
		11E897151DE0189C00226CF1 /* Main.storyboard in Resources */ = {isa = PBXBuildFile; fileRef = 11E897131DE0189C00226CF1 /* Main.storyboard */; };
		11E897171DE0189C00226CF1 /* Assets.xcassets in Resources */ = {isa = PBXBuildFile; fileRef = 11E897161DE0189C00226CF1 /* Assets.xcassets */; };
		11E8971A1DE0189C00226CF1 /* LaunchScreen.storyboard in Resources */ = {isa = PBXBuildFile; fileRef = 11E897181DE0189C00226CF1 /* LaunchScreen.storyboard */; };
		11E897221DE021F400226CF1 /* AddCourseViewController.swift in Sources */ = {isa = PBXBuildFile; fileRef = 11E897211DE021F400226CF1 /* AddCourseViewController.swift */; };
		CA90B33D1DF95ABF006785DC /* DisplayCoursesViewController.swift in Sources */ = {isa = PBXBuildFile; fileRef = CA90B33C1DF95ABF006785DC /* DisplayCoursesViewController.swift */; };
		CA90B33F1DF95D96006785DC /* CourseMainViewController.swift in Sources */ = {isa = PBXBuildFile; fileRef = CA90B33E1DF95D96006785DC /* CourseMainViewController.swift */; };
		CAE2CE821DF554220064AD36 /* CoursePageViewController.swift in Sources */ = {isa = PBXBuildFile; fileRef = CAE2CE811DF554220064AD36 /* CoursePageViewController.swift */; };
/* End PBXBuildFile section */

/* Begin PBXFileReference section */
		11280D1A1DF3446800ADE782 /* AssignmentModel.swift */ = {isa = PBXFileReference; fileEncoding = 4; lastKnownFileType = sourcecode.swift; path = AssignmentModel.swift; sourceTree = "<group>"; };
		115C2B541DF400060078FE23 /* AssignmentDetailViewController.swift */ = {isa = PBXFileReference; fileEncoding = 4; lastKnownFileType = sourcecode.swift; path = AssignmentDetailViewController.swift; sourceTree = "<group>"; };
		1179B22A1DFE9E5E0026046C /* CourseCell.swift */ = {isa = PBXFileReference; fileEncoding = 4; lastKnownFileType = sourcecode.swift; path = CourseCell.swift; sourceTree = "<group>"; };
		1184EC9C1DE1A0C100979440 /* AssignmentCell.swift */ = {isa = PBXFileReference; fileEncoding = 4; lastKnownFileType = sourcecode.swift; path = AssignmentCell.swift; sourceTree = "<group>"; };
		118D27501DEC1236009BFA17 /* CourseModel.swift */ = {isa = PBXFileReference; fileEncoding = 4; lastKnownFileType = sourcecode.swift; path = CourseModel.swift; sourceTree = "<group>"; };
		119C3DDE1DE2D3CD003C644C /* AddAssignmentViewController.swift */ = {isa = PBXFileReference; fileEncoding = 4; lastKnownFileType = sourcecode.swift; path = AddAssignmentViewController.swift; sourceTree = "<group>"; };
		11C4FE0B1DF9002200ACC7FD /* ChooseCourseViewController.swift */ = {isa = PBXFileReference; fileEncoding = 4; lastKnownFileType = sourcecode.swift; path = ChooseCourseViewController.swift; sourceTree = "<group>"; };
		11C4FE0D1DF92F2700ACC7FD /* ChooseTimeViewController.swift */ = {isa = PBXFileReference; fileEncoding = 4; lastKnownFileType = sourcecode.swift; path = ChooseTimeViewController.swift; sourceTree = "<group>"; };
		11E8970A1DE0189C00226CF1 /* Course.app */ = {isa = PBXFileReference; explicitFileType = wrapper.application; includeInIndex = 0; path = Course.app; sourceTree = BUILT_PRODUCTS_DIR; };
		11E8970D1DE0189C00226CF1 /* AppDelegate.swift */ = {isa = PBXFileReference; lastKnownFileType = sourcecode.swift; path = AppDelegate.swift; sourceTree = "<group>"; };
		11E897111DE0189C00226CF1 /* AssignmentTableController.swift */ = {isa = PBXFileReference; lastKnownFileType = sourcecode.swift; path = AssignmentTableController.swift; sourceTree = "<group>"; };
		11E897141DE0189C00226CF1 /* Base */ = {isa = PBXFileReference; lastKnownFileType = file.storyboard; name = Base; path = Base.lproj/Main.storyboard; sourceTree = "<group>"; };
		11E897161DE0189C00226CF1 /* Assets.xcassets */ = {isa = PBXFileReference; lastKnownFileType = folder.assetcatalog; path = Assets.xcassets; sourceTree = "<group>"; };
		11E897191DE0189C00226CF1 /* Base */ = {isa = PBXFileReference; lastKnownFileType = file.storyboard; name = Base; path = Base.lproj/LaunchScreen.storyboard; sourceTree = "<group>"; };
		11E8971B1DE0189C00226CF1 /* Info.plist */ = {isa = PBXFileReference; lastKnownFileType = text.plist.xml; path = Info.plist; sourceTree = "<group>"; };
		11E897211DE021F400226CF1 /* AddCourseViewController.swift */ = {isa = PBXFileReference; fileEncoding = 4; lastKnownFileType = sourcecode.swift; path = AddCourseViewController.swift; sourceTree = "<group>"; };
		CA90B33C1DF95ABF006785DC /* DisplayCoursesViewController.swift */ = {isa = PBXFileReference; fileEncoding = 4; lastKnownFileType = sourcecode.swift; name = DisplayCoursesViewController.swift; path = ../DisplayCoursesViewController.swift; sourceTree = "<group>"; };
		CA90B33E1DF95D96006785DC /* CourseMainViewController.swift */ = {isa = PBXFileReference; fileEncoding = 4; lastKnownFileType = sourcecode.swift; path = CourseMainViewController.swift; sourceTree = "<group>"; };
		CAE2CE811DF554220064AD36 /* CoursePageViewController.swift */ = {isa = PBXFileReference; fileEncoding = 4; lastKnownFileType = sourcecode.swift; path = CoursePageViewController.swift; sourceTree = "<group>"; };
/* End PBXFileReference section */

/* Begin PBXFrameworksBuildPhase section */
		11E897071DE0189B00226CF1 /* Frameworks */ = {
			isa = PBXFrameworksBuildPhase;
			buildActionMask = 2147483647;
			files = (
			);
			runOnlyForDeploymentPostprocessing = 0;
		};
/* End PBXFrameworksBuildPhase section */

/* Begin PBXGroup section */
		1179B2271DFE9DDB0026046C /* Course */ = {
			isa = PBXGroup;
			children = (
				118D27501DEC1236009BFA17 /* CourseModel.swift */,
				1179B22F1DFEA09E0026046C /* Add */,
				1179B2291DFE9DFA0026046C /* Page */,
			);
			name = Course;
			sourceTree = "<group>";
		};
		1179B2281DFE9DED0026046C /* Assignment */ = {
			isa = PBXGroup;
			children = (
				11280D1A1DF3446800ADE782 /* AssignmentModel.swift */,
				1179B22E1DFEA06E0026046C /* Add */,
				1179B22C1DFEA0210026046C /* Table */,
				1179B2301DFEA0B40026046C /* Detail */,
			);
			name = Assignment;
			sourceTree = "<group>";
		};
		1179B2291DFE9DFA0026046C /* Page */ = {
			isa = PBXGroup;
			children = (
				CA90B33E1DF95D96006785DC /* CourseMainViewController.swift */,
				CAE2CE811DF554220064AD36 /* CoursePageViewController.swift */,
				1179B22D1DFEA0500026046C /* Table */,
			);
			name = Page;
			sourceTree = "<group>";
		};
		1179B22C1DFEA0210026046C /* Table */ = {
			isa = PBXGroup;
			children = (
				11E897111DE0189C00226CF1 /* AssignmentTableController.swift */,
				1184EC9C1DE1A0C100979440 /* AssignmentCell.swift */,
			);
			name = Table;
			sourceTree = "<group>";
		};
		1179B22D1DFEA0500026046C /* Table */ = {
			isa = PBXGroup;
			children = (
				CA90B33C1DF95ABF006785DC /* DisplayCoursesViewController.swift */,
				1179B22A1DFE9E5E0026046C /* CourseCell.swift */,
			);
			name = Table;
			sourceTree = "<group>";
		};
		1179B22E1DFEA06E0026046C /* Add */ = {
			isa = PBXGroup;
			children = (
				119C3DDE1DE2D3CD003C644C /* AddAssignmentViewController.swift */,
				11C4FE0B1DF9002200ACC7FD /* ChooseCourseViewController.swift */,
				11C4FE0D1DF92F2700ACC7FD /* ChooseTimeViewController.swift */,
			);
			name = Add;
			sourceTree = "<group>";
		};
		1179B22F1DFEA09E0026046C /* Add */ = {
			isa = PBXGroup;
			children = (
				11E897211DE021F400226CF1 /* AddCourseViewController.swift */,
			);
			name = Add;
			sourceTree = "<group>";
		};
		1179B2301DFEA0B40026046C /* Detail */ = {
			isa = PBXGroup;
			children = (
				115C2B541DF400060078FE23 /* AssignmentDetailViewController.swift */,
			);
			name = Detail;
			sourceTree = "<group>";
		};
		11E897011DE0189B00226CF1 = {
			isa = PBXGroup;
			children = (
				11E8970C1DE0189C00226CF1 /* Course */,
				11E8970B1DE0189C00226CF1 /* Products */,
			);
			sourceTree = "<group>";
		};
		11E8970B1DE0189C00226CF1 /* Products */ = {
			isa = PBXGroup;
			children = (
				11E8970A1DE0189C00226CF1 /* Course.app */,
			);
			name = Products;
			sourceTree = "<group>";
		};
		11E8970C1DE0189C00226CF1 /* Course */ = {
			isa = PBXGroup;
			children = (
				11E8970D1DE0189C00226CF1 /* AppDelegate.swift */,
				11E897131DE0189C00226CF1 /* Main.storyboard */,
				11E897181DE0189C00226CF1 /* LaunchScreen.storyboard */,
				1179B2271DFE9DDB0026046C /* Course */,
				1179B2281DFE9DED0026046C /* Assignment */,
				11E897161DE0189C00226CF1 /* Assets.xcassets */,
				11E8971B1DE0189C00226CF1 /* Info.plist */,
			);
			path = Course;
			sourceTree = "<group>";
		};
/* End PBXGroup section */

/* Begin PBXNativeTarget section */
		11E897091DE0189B00226CF1 /* Course */ = {
			isa = PBXNativeTarget;
			buildConfigurationList = 11E8971E1DE0189C00226CF1 /* Build configuration list for PBXNativeTarget "Course" */;
			buildPhases = (
				11E897061DE0189B00226CF1 /* Sources */,
				11E897071DE0189B00226CF1 /* Frameworks */,
				11E897081DE0189B00226CF1 /* Resources */,
			);
			buildRules = (
			);
			dependencies = (
			);
			name = Course;
			productName = Course;
			productReference = 11E8970A1DE0189C00226CF1 /* Course.app */;
			productType = "com.apple.product-type.application";
		};
/* End PBXNativeTarget section */

/* Begin PBXProject section */
		11E897021DE0189B00226CF1 /* Project object */ = {
			isa = PBXProject;
			attributes = {
				LastSwiftUpdateCheck = 0810;
				LastUpgradeCheck = 0810;
				ORGANIZATIONNAME = "Archie Yu";
				TargetAttributes = {
					11E897091DE0189B00226CF1 = {
						CreatedOnToolsVersion = 8.1;
						DevelopmentTeam = Y68KHR2W8X;
						ProvisioningStyle = Automatic;
					};
				};
			};
			buildConfigurationList = 11E897051DE0189B00226CF1 /* Build configuration list for PBXProject "Course" */;
			compatibilityVersion = "Xcode 3.2";
			developmentRegion = English;
			hasScannedForEncodings = 0;
			knownRegions = (
				en,
				Base,
			);
			mainGroup = 11E897011DE0189B00226CF1;
			productRefGroup = 11E8970B1DE0189C00226CF1 /* Products */;
			projectDirPath = "";
			projectRoot = "";
			targets = (
				11E897091DE0189B00226CF1 /* Course */,
			);
		};
/* End PBXProject section */

/* Begin PBXResourcesBuildPhase section */
		11E897081DE0189B00226CF1 /* Resources */ = {
			isa = PBXResourcesBuildPhase;
			buildActionMask = 2147483647;
			files = (
				11E8971A1DE0189C00226CF1 /* LaunchScreen.storyboard in Resources */,
				11E897171DE0189C00226CF1 /* Assets.xcassets in Resources */,
				11E897151DE0189C00226CF1 /* Main.storyboard in Resources */,
			);
			runOnlyForDeploymentPostprocessing = 0;
		};
/* End PBXResourcesBuildPhase section */

/* Begin PBXSourcesBuildPhase section */
		11E897061DE0189B00226CF1 /* Sources */ = {
			isa = PBXSourcesBuildPhase;
			buildActionMask = 2147483647;
			files = (
				CA90B33D1DF95ABF006785DC /* DisplayCoursesViewController.swift in Sources */,
				CAE2CE821DF554220064AD36 /* CoursePageViewController.swift in Sources */,
				118D27511DEC1236009BFA17 /* CourseModel.swift in Sources */,
				CA90B33F1DF95D96006785DC /* CourseMainViewController.swift in Sources */,
				1184EC9D1DE1A0C100979440 /* AssignmentCell.swift in Sources */,
				11C4FE0C1DF9002200ACC7FD /* ChooseCourseViewController.swift in Sources */,
				115C2B551DF400060078FE23 /* AssignmentDetailViewController.swift in Sources */,
				119C3DDF1DE2D3CD003C644C /* AddAssignmentViewController.swift in Sources */,
				11E897121DE0189C00226CF1 /* AssignmentTableController.swift in Sources */,
				11C4FE0E1DF92F2700ACC7FD /* ChooseTimeViewController.swift in Sources */,
				1179B22B1DFE9E5E0026046C /* CourseCell.swift in Sources */,
				11E897221DE021F400226CF1 /* AddCourseViewController.swift in Sources */,
				11280D1B1DF3446800ADE782 /* AssignmentModel.swift in Sources */,
				11E8970E1DE0189C00226CF1 /* AppDelegate.swift in Sources */,
			);
			runOnlyForDeploymentPostprocessing = 0;
		};
/* End PBXSourcesBuildPhase section */

/* Begin PBXVariantGroup section */
		11E897131DE0189C00226CF1 /* Main.storyboard */ = {
			isa = PBXVariantGroup;
			children = (
				11E897141DE0189C00226CF1 /* Base */,
			);
			name = Main.storyboard;
			sourceTree = "<group>";
		};
		11E897181DE0189C00226CF1 /* LaunchScreen.storyboard */ = {
			isa = PBXVariantGroup;
			children = (
				11E897191DE0189C00226CF1 /* Base */,
			);
			name = LaunchScreen.storyboard;
			sourceTree = "<group>";
		};
/* End PBXVariantGroup section */

/* Begin XCBuildConfiguration section */
		11E8971C1DE0189C00226CF1 /* Debug */ = {
			isa = XCBuildConfiguration;
			buildSettings = {
				ALWAYS_SEARCH_USER_PATHS = NO;
				CLANG_ANALYZER_NONNULL = YES;
				CLANG_CXX_LANGUAGE_STANDARD = "gnu++0x";
				CLANG_CXX_LIBRARY = "libc++";
				CLANG_ENABLE_MODULES = YES;
				CLANG_ENABLE_OBJC_ARC = YES;
				CLANG_WARN_BOOL_CONVERSION = YES;
				CLANG_WARN_CONSTANT_CONVERSION = YES;
				CLANG_WARN_DIRECT_OBJC_ISA_USAGE = YES_ERROR;
				CLANG_WARN_DOCUMENTATION_COMMENTS = YES;
				CLANG_WARN_EMPTY_BODY = YES;
				CLANG_WARN_ENUM_CONVERSION = YES;
				CLANG_WARN_INFINITE_RECURSION = YES;
				CLANG_WARN_INT_CONVERSION = YES;
				CLANG_WARN_OBJC_ROOT_CLASS = YES_ERROR;
				CLANG_WARN_SUSPICIOUS_MOVES = YES;
				CLANG_WARN_UNREACHABLE_CODE = YES;
				CLANG_WARN__DUPLICATE_METHOD_MATCH = YES;
				"CODE_SIGN_IDENTITY[sdk=iphoneos*]" = "iPhone Developer";
				COPY_PHASE_STRIP = NO;
				DEBUG_INFORMATION_FORMAT = dwarf;
				ENABLE_STRICT_OBJC_MSGSEND = YES;
				ENABLE_TESTABILITY = YES;
				GCC_C_LANGUAGE_STANDARD = gnu99;
				GCC_DYNAMIC_NO_PIC = NO;
				GCC_NO_COMMON_BLOCKS = YES;
				GCC_OPTIMIZATION_LEVEL = 0;
				GCC_PREPROCESSOR_DEFINITIONS = (
					"DEBUG=1",
					"$(inherited)",
				);
				GCC_WARN_64_TO_32_BIT_CONVERSION = YES;
				GCC_WARN_ABOUT_RETURN_TYPE = YES_ERROR;
				GCC_WARN_UNDECLARED_SELECTOR = YES;
				GCC_WARN_UNINITIALIZED_AUTOS = YES_AGGRESSIVE;
				GCC_WARN_UNUSED_FUNCTION = YES;
				GCC_WARN_UNUSED_VARIABLE = YES;
				IPHONEOS_DEPLOYMENT_TARGET = 10.1;
				MTL_ENABLE_DEBUG_INFO = YES;
				ONLY_ACTIVE_ARCH = YES;
				SDKROOT = iphoneos;
				SWIFT_ACTIVE_COMPILATION_CONDITIONS = DEBUG;
				SWIFT_OPTIMIZATION_LEVEL = "-Onone";
				TARGETED_DEVICE_FAMILY = "1,2";
			};
			name = Debug;
		};
		11E8971D1DE0189C00226CF1 /* Release */ = {
			isa = XCBuildConfiguration;
			buildSettings = {
				ALWAYS_SEARCH_USER_PATHS = NO;
				CLANG_ANALYZER_NONNULL = YES;
				CLANG_CXX_LANGUAGE_STANDARD = "gnu++0x";
				CLANG_CXX_LIBRARY = "libc++";
				CLANG_ENABLE_MODULES = YES;
				CLANG_ENABLE_OBJC_ARC = YES;
				CLANG_WARN_BOOL_CONVERSION = YES;
				CLANG_WARN_CONSTANT_CONVERSION = YES;
				CLANG_WARN_DIRECT_OBJC_ISA_USAGE = YES_ERROR;
				CLANG_WARN_DOCUMENTATION_COMMENTS = YES;
				CLANG_WARN_EMPTY_BODY = YES;
				CLANG_WARN_ENUM_CONVERSION = YES;
				CLANG_WARN_INFINITE_RECURSION = YES;
				CLANG_WARN_INT_CONVERSION = YES;
				CLANG_WARN_OBJC_ROOT_CLASS = YES_ERROR;
				CLANG_WARN_SUSPICIOUS_MOVES = YES;
				CLANG_WARN_UNREACHABLE_CODE = YES;
				CLANG_WARN__DUPLICATE_METHOD_MATCH = YES;
				"CODE_SIGN_IDENTITY[sdk=iphoneos*]" = "iPhone Developer";
				COPY_PHASE_STRIP = NO;
				DEBUG_INFORMATION_FORMAT = "dwarf-with-dsym";
				ENABLE_NS_ASSERTIONS = NO;
				ENABLE_STRICT_OBJC_MSGSEND = YES;
				GCC_C_LANGUAGE_STANDARD = gnu99;
				GCC_NO_COMMON_BLOCKS = YES;
				GCC_WARN_64_TO_32_BIT_CONVERSION = YES;
				GCC_WARN_ABOUT_RETURN_TYPE = YES_ERROR;
				GCC_WARN_UNDECLARED_SELECTOR = YES;
				GCC_WARN_UNINITIALIZED_AUTOS = YES_AGGRESSIVE;
				GCC_WARN_UNUSED_FUNCTION = YES;
				GCC_WARN_UNUSED_VARIABLE = YES;
				IPHONEOS_DEPLOYMENT_TARGET = 10.1;
				MTL_ENABLE_DEBUG_INFO = NO;
				SDKROOT = iphoneos;
				SWIFT_OPTIMIZATION_LEVEL = "-Owholemodule";
				TARGETED_DEVICE_FAMILY = "1,2";
				VALIDATE_PRODUCT = YES;
			};
			name = Release;
		};
		11E8971F1DE0189C00226CF1 /* Debug */ = {
			isa = XCBuildConfiguration;
			buildSettings = {
				ASSETCATALOG_COMPILER_APPICON_NAME = AppIcon;
				DEVELOPMENT_TEAM = Y68KHR2W8X;
				INFOPLIST_FILE = Course/Info.plist;
				LD_RUNPATH_SEARCH_PATHS = "$(inherited) @executable_path/Frameworks";
				PRODUCT_BUNDLE_IDENTIFIER = cn.nju.edu.Course;
				PRODUCT_NAME = "$(TARGET_NAME)";
				SWIFT_VERSION = 3.0;
			};
			name = Debug;
		};
		11E897201DE0189C00226CF1 /* Release */ = {
			isa = XCBuildConfiguration;
			buildSettings = {
				ASSETCATALOG_COMPILER_APPICON_NAME = AppIcon;
				DEVELOPMENT_TEAM = Y68KHR2W8X;
				INFOPLIST_FILE = Course/Info.plist;
				LD_RUNPATH_SEARCH_PATHS = "$(inherited) @executable_path/Frameworks";
				PRODUCT_BUNDLE_IDENTIFIER = cn.nju.edu.Course;
				PRODUCT_NAME = "$(TARGET_NAME)";
				SWIFT_VERSION = 3.0;
			};
			name = Release;
		};
/* End XCBuildConfiguration section */

/* Begin XCConfigurationList section */
		11E897051DE0189B00226CF1 /* Build configuration list for PBXProject "Course" */ = {
			isa = XCConfigurationList;
			buildConfigurations = (
				11E8971C1DE0189C00226CF1 /* Debug */,
				11E8971D1DE0189C00226CF1 /* Release */,
			);
			defaultConfigurationIsVisible = 0;
			defaultConfigurationName = Release;
		};
		11E8971E1DE0189C00226CF1 /* Build configuration list for PBXNativeTarget "Course" */ = {
			isa = XCConfigurationList;
			buildConfigurations = (
				11E8971F1DE0189C00226CF1 /* Debug */,
				11E897201DE0189C00226CF1 /* Release */,
			);
			defaultConfigurationIsVisible = 0;
			defaultConfigurationName = Release;
		};
/* End XCConfigurationList section */
	};
	rootObject = 11E897021DE0189B00226CF1 /* Project object */;
}
